// !$*UTF8*$!
{
	archiveVersion = 1;
	classes = {
	};
	objectVersion = 77;
	objects = {

/* Begin PBXBuildFile section */
		04BB566CE761784C7A8ECB4B /* GoogleService-Info.plist in Resources */ = {isa = PBXBuildFile; fileRef = B2B76DED0AE697C31748E056 /* GoogleService-Info.plist */; };
		20DE87A28D7EFB8B4754893E /* FirebaseAnalytics in Frameworks */ = {isa = PBXBuildFile; productRef = E2A0611746DE927888808E3D /* FirebaseAnalytics */; };
		2CA912DD8118BBF804D2BE61 /* LanguageTransferApp.swift in Sources */ = {isa = PBXBuildFile; fileRef = 5F83F536421639D3B9FB45AB /* LanguageTransferApp.swift */; };
		2D14D6F58AD35125CBDA1B4E /* Assets.xcassets in Resources */ = {isa = PBXBuildFile; fileRef = 3BB6C7DCD574F38E407C1883 /* Assets.xcassets */; };
		8003D3084DCC6D1B89CC535D /* FirebaseCrashlytics in Frameworks */ = {isa = PBXBuildFile; productRef = 7B7A5A032A928DFFF897E8FE /* FirebaseCrashlytics */; };
		D5867675D11017EF7FFE9977 /* ContentView.swift in Sources */ = {isa = PBXBuildFile; fileRef = 21A8B8CD9F80D06C8406C626 /* ContentView.swift */; };
		FA1A73593CB043A5AE333BD3 /* LaunchScreen.storyboard in Resources */ = {isa = PBXBuildFile; fileRef = 137E57CA7C3D6733A89EDDE9 /* LaunchScreen.storyboard */; };
/* End PBXBuildFile section */

/* Begin PBXFileReference section */
		137E57CA7C3D6733A89EDDE9 /* LaunchScreen.storyboard */ = {isa = PBXFileReference; lastKnownFileType = file.storyboard; path = LaunchScreen.storyboard; sourceTree = "<group>"; };
		1CA10701F9EC437597D92C3B /* Info.plist */ = {isa = PBXFileReference; lastKnownFileType = text.plist; path = Info.plist; sourceTree = "<group>"; };
		21A8B8CD9F80D06C8406C626 /* ContentView.swift */ = {isa = PBXFileReference; lastKnownFileType = sourcecode.swift; path = ContentView.swift; sourceTree = "<group>"; };
		3BB6C7DCD574F38E407C1883 /* Assets.xcassets */ = {isa = PBXFileReference; lastKnownFileType = folder.assetcatalog; path = Assets.xcassets; sourceTree = "<group>"; };
		5F83F536421639D3B9FB45AB /* LanguageTransferApp.swift */ = {isa = PBXFileReference; lastKnownFileType = sourcecode.swift; path = LanguageTransferApp.swift; sourceTree = "<group>"; };
		6AD515432169BA882F0AE5FE /* LanguageTransfer.app */ = {isa = PBXFileReference; includeInIndex = 0; lastKnownFileType = wrapper.application; path = LanguageTransfer.app; sourceTree = BUILT_PRODUCTS_DIR; };
		B2B76DED0AE697C31748E056 /* GoogleService-Info.plist */ = {isa = PBXFileReference; lastKnownFileType = text.plist; path = "GoogleService-Info.plist"; sourceTree = "<group>"; };
/* End PBXFileReference section */

/* Begin PBXFrameworksBuildPhase section */
		0C12805D1B602D00D943A622 /* Frameworks */ = {
			isa = PBXFrameworksBuildPhase;
			buildActionMask = 2147483647;
			files = (
				20DE87A28D7EFB8B4754893E /* FirebaseAnalytics in Frameworks */,
				8003D3084DCC6D1B89CC535D /* FirebaseCrashlytics in Frameworks */,
			);
			runOnlyForDeploymentPostprocessing = 0;
		};
/* End PBXFrameworksBuildPhase section */

/* Begin PBXGroup section */
		0C7BAD78481D84D086044B94 /* Products */ = {
			isa = PBXGroup;
			children = (
				6AD515432169BA882F0AE5FE /* LanguageTransfer.app */,
			);
			name = Products;
			sourceTree = "<group>";
		};
		541E8F06610751638BD6311A /* LanguageTransfer */ = {
			isa = PBXGroup;
			children = (
				3BB6C7DCD574F38E407C1883 /* Assets.xcassets */,
				21A8B8CD9F80D06C8406C626 /* ContentView.swift */,
				B2B76DED0AE697C31748E056 /* GoogleService-Info.plist */,
				1CA10701F9EC437597D92C3B /* Info.plist */,
				5F83F536421639D3B9FB45AB /* LanguageTransferApp.swift */,
				137E57CA7C3D6733A89EDDE9 /* LaunchScreen.storyboard */,
			);
			path = LanguageTransfer;
			sourceTree = "<group>";
		};
		BFB574E822A1FBEE6D910F62 = {
			isa = PBXGroup;
			children = (
				541E8F06610751638BD6311A /* LanguageTransfer */,
				0C7BAD78481D84D086044B94 /* Products */,
			);
			sourceTree = "<group>";
		};
/* End PBXGroup section */

/* Begin PBXNativeTarget section */
		F9E0F575EAD8D8367686ABDF /* LanguageTransfer */ = {
			isa = PBXNativeTarget;
			buildConfigurationList = 57A979DFEE24A60836416240 /* Build configuration list for PBXNativeTarget "LanguageTransfer" */;
			buildPhases = (
				C970ACF0EE587D5BEE269148 /* Sources */,
				208692AEFB182E42258CB9E2 /* Resources */,
				0C12805D1B602D00D943A622 /* Frameworks */,
			);
			buildRules = (
			);
			dependencies = (
			);
			name = LanguageTransfer;
			packageProductDependencies = (
				E2A0611746DE927888808E3D /* FirebaseAnalytics */,
				7B7A5A032A928DFFF897E8FE /* FirebaseCrashlytics */,
			);
			productName = LanguageTransfer;
			productReference = 6AD515432169BA882F0AE5FE /* LanguageTransfer.app */;
			productType = "com.apple.product-type.application";
		};
/* End PBXNativeTarget section */

/* Begin PBXProject section */
		9E1B5CBB238B46283829A296 /* Project object */ = {
			isa = PBXProject;
			attributes = {
				BuildIndependentTargetsInParallel = YES;
				LastUpgradeCheck = 2620;
				TargetAttributes = {
					F9E0F575EAD8D8367686ABDF = {
						DevelopmentTeam = B5X96QDRF4;
						ProvisioningStyle = Automatic;
					};
				};
			};
			buildConfigurationList = A320CCB497994E3C6AD20A21 /* Build configuration list for PBXProject "LanguageTransfer" */;
			compatibilityVersion = "Xcode 14.0";
			developmentRegion = en;
			hasScannedForEncodings = 0;
			knownRegions = (
				Base,
				en,
			);
			mainGroup = BFB574E822A1FBEE6D910F62;
			minimizedProjectReferenceProxies = 1;
			packageReferences = (
				33347312486A97DD9E46A5BF /* XCRemoteSwiftPackageReference "firebase-ios-sdk" */,
			);
			preferredProjectObjectVersion = 77;
			projectDirPath = "";
			projectRoot = "";
			targets = (
				F9E0F575EAD8D8367686ABDF /* LanguageTransfer */,
			);
		};
/* End PBXProject section */

/* Begin PBXResourcesBuildPhase section */
		208692AEFB182E42258CB9E2 /* Resources */ = {
			isa = PBXResourcesBuildPhase;
			buildActionMask = 2147483647;
			files = (
				2D14D6F58AD35125CBDA1B4E /* Assets.xcassets in Resources */,
				04BB566CE761784C7A8ECB4B /* GoogleService-Info.plist in Resources */,
				FA1A73593CB043A5AE333BD3 /* LaunchScreen.storyboard in Resources */,
			);
			runOnlyForDeploymentPostprocessing = 0;
		};
/* End PBXResourcesBuildPhase section */

/* Begin PBXSourcesBuildPhase section */
		C970ACF0EE587D5BEE269148 /* Sources */ = {
			isa = PBXSourcesBuildPhase;
			buildActionMask = 2147483647;
			files = (
				D5867675D11017EF7FFE9977 /* ContentView.swift in Sources */,
				2CA912DD8118BBF804D2BE61 /* LanguageTransferApp.swift in Sources */,
			);
			runOnlyForDeploymentPostprocessing = 0;
		};
/* End PBXSourcesBuildPhase section */

/* Begin XCBuildConfiguration section */
		2EBC866869C15C3DEB355E08 /* Release */ = {
			isa = XCBuildConfiguration;
			buildSettings = {
				ALWAYS_SEARCH_USER_PATHS = NO;
				CLANG_ANALYZER_NONNULL = YES;
				CLANG_ANALYZER_NUMBER_OBJECT_CONVERSION = YES_AGGRESSIVE;
				CLANG_CXX_LANGUAGE_STANDARD = "gnu++14";
				CLANG_CXX_LIBRARY = "libc++";
				CLANG_ENABLE_MODULES = YES;
				CLANG_ENABLE_OBJC_ARC = YES;
				CLANG_ENABLE_OBJC_WEAK = YES;
				CLANG_WARN_BLOCK_CAPTURE_AUTORELEASING = YES;
				CLANG_WARN_BOOL_CONVERSION = YES;
				CLANG_WARN_COMMA = YES;
				CLANG_WARN_CONSTANT_CONVERSION = YES;
				CLANG_WARN_DEPRECATED_OBJC_IMPLEMENTATIONS = YES;
				CLANG_WARN_DIRECT_OBJC_ISA_USAGE = YES_ERROR;
				CLANG_WARN_DOCUMENTATION_COMMENTS = YES;
				CLANG_WARN_EMPTY_BODY = YES;
				CLANG_WARN_ENUM_CONVERSION = YES;
				CLANG_WARN_INFINITE_RECURSION = YES;
				CLANG_WARN_INT_CONVERSION = YES;
				CLANG_WARN_NON_LITERAL_NULL_CONVERSION = YES;
				CLANG_WARN_OBJC_IMPLICIT_RETAIN_SELF = YES;
				CLANG_WARN_OBJC_LITERAL_CONVERSION = YES;
				CLANG_WARN_OBJC_ROOT_CLASS = YES_ERROR;
				CLANG_WARN_QUOTED_INCLUDE_IN_FRAMEWORK_HEADER = YES;
				CLANG_WARN_RANGE_LOOP_ANALYSIS = YES;
				CLANG_WARN_STRICT_PROTOTYPES = YES;
				CLANG_WARN_SUSPICIOUS_MOVE = YES;
				CLANG_WARN_UNGUARDED_AVAILABILITY = YES_AGGRESSIVE;
				CLANG_WARN_UNREACHABLE_CODE = YES;
				CLANG_WARN__DUPLICATE_METHOD_MATCH = YES;
				CODE_SIGN_STYLE = Automatic;
				COPY_PHASE_STRIP = NO;
				CURRENT_PROJECT_VERSION = 9;
				DEBUG_INFORMATION_FORMAT = "dwarf-with-dsym";
				DEVELOPMENT_TEAM = B5X96QDRF4;
				ENABLE_NS_ASSERTIONS = NO;
				ENABLE_STRICT_OBJC_MSGSEND = YES;
				GCC_C_LANGUAGE_STANDARD = gnu11;
				GCC_NO_COMMON_BLOCKS = YES;
				GCC_WARN_64_TO_32_BIT_CONVERSION = YES;
				GCC_WARN_ABOUT_RETURN_TYPE = YES_ERROR;
				GCC_WARN_UNDECLARED_SELECTOR = YES;
				GCC_WARN_UNINITIALIZED_AUTOS = YES_AGGRESSIVE;
				GCC_WARN_UNUSED_FUNCTION = YES;
				GCC_WARN_UNUSED_VARIABLE = YES;
				IPHONEOS_DEPLOYMENT_TARGET = 17.0;
				MARKETING_VERSION = 1.0;
				MTL_ENABLE_DEBUG_INFO = NO;
				MTL_FAST_MATH = YES;
				PRODUCT_NAME = "$(TARGET_NAME)";
				SDKROOT = iphoneos;
				SWIFT_COMPILATION_MODE = wholemodule;
				SWIFT_OPTIMIZATION_LEVEL = "-O";
				SWIFT_VERSION = 6.0;
				VERSIONING_SYSTEM = "apple-generic";
			};
			name = Release;
		};
		4345E817CCB743979BC35C6E /* Release */ = {
			isa = XCBuildConfiguration;
			buildSettings = {
				ASSETCATALOG_COMPILER_APPICON_NAME = AppIcon;
				CODE_SIGN_IDENTITY = "Apple Development";
				CODE_SIGN_STYLE = Automatic;
				DEVELOPMENT_TEAM = B5X96QDRF4;
				GENERATE_INFOPLIST_FILE = NO;
				INFOPLIST_FILE = LanguageTransfer/Info.plist;
				LD_RUNPATH_SEARCH_PATHS = (
					"$(inherited)",
					"@executable_path/Frameworks",
				);
				PRODUCT_BUNDLE_IDENTIFIER = com.grafton.languagetransfer.spanish;
				SDKROOT = iphoneos;
				TARGETED_DEVICE_FAMILY = "1,2";
			};
			name = Release;
		};
		46677F62910C84DB930C5114 /* Debug */ = {
			isa = XCBuildConfiguration;
			buildSettings = {
				ALWAYS_SEARCH_USER_PATHS = NO;
				CLANG_ANALYZER_NONNULL = YES;
				CLANG_ANALYZER_NUMBER_OBJECT_CONVERSION = YES_AGGRESSIVE;
				CLANG_CXX_LANGUAGE_STANDARD = "gnu++14";
				CLANG_CXX_LIBRARY = "libc++";
				CLANG_ENABLE_MODULES = YES;
				CLANG_ENABLE_OBJC_ARC = YES;
				CLANG_ENABLE_OBJC_WEAK = YES;
				CLANG_WARN_BLOCK_CAPTURE_AUTORELEASING = YES;
				CLANG_WARN_BOOL_CONVERSION = YES;
				CLANG_WARN_COMMA = YES;
				CLANG_WARN_CONSTANT_CONVERSION = YES;
				CLANG_WARN_DEPRECATED_OBJC_IMPLEMENTATIONS = YES;
				CLANG_WARN_DIRECT_OBJC_ISA_USAGE = YES_ERROR;
				CLANG_WARN_DOCUMENTATION_COMMENTS = YES;
				CLANG_WARN_EMPTY_BODY = YES;
				CLANG_WARN_ENUM_CONVERSION = YES;
				CLANG_WARN_INFINITE_RECURSION = YES;
				CLANG_WARN_INT_CONVERSION = YES;
				CLANG_WARN_NON_LITERAL_NULL_CONVERSION = YES;
				CLANG_WARN_OBJC_IMPLICIT_RETAIN_SELF = YES;
				CLANG_WARN_OBJC_LITERAL_CONVERSION = YES;
				CLANG_WARN_OBJC_ROOT_CLASS = YES_ERROR;
				CLANG_WARN_QUOTED_INCLUDE_IN_FRAMEWORK_HEADER = YES;
				CLANG_WARN_RANGE_LOOP_ANALYSIS = YES;
				CLANG_WARN_STRICT_PROTOTYPES = YES;
				CLANG_WARN_SUSPICIOUS_MOVE = YES;
				CLANG_WARN_UNGUARDED_AVAILABILITY = YES_AGGRESSIVE;
				CLANG_WARN_UNREACHABLE_CODE = YES;
				CLANG_WARN__DUPLICATE_METHOD_MATCH = YES;
				CODE_SIGN_STYLE = Automatic;
				COPY_PHASE_STRIP = NO;
				CURRENT_PROJECT_VERSION = 9;
				DEBUG_INFORMATION_FORMAT = dwarf;
				DEVELOPMENT_TEAM = B5X96QDRF4;
				ENABLE_STRICT_OBJC_MSGSEND = YES;
				ENABLE_TESTABILITY = YES;
				GCC_C_LANGUAGE_STANDARD = gnu11;
				GCC_DYNAMIC_NO_PIC = NO;
				GCC_NO_COMMON_BLOCKS = YES;
				GCC_OPTIMIZATION_LEVEL = 0;
				GCC_PREPROCESSOR_DEFINITIONS = (
					"$(inherited)",
					"DEBUG=1",
				);
				GCC_WARN_64_TO_32_BIT_CONVERSION = YES;
				GCC_WARN_ABOUT_RETURN_TYPE = YES_ERROR;
				GCC_WARN_UNDECLARED_SELECTOR = YES;
				GCC_WARN_UNINITIALIZED_AUTOS = YES_AGGRESSIVE;
				GCC_WARN_UNUSED_FUNCTION = YES;
				GCC_WARN_UNUSED_VARIABLE = YES;
				IPHONEOS_DEPLOYMENT_TARGET = 17.0;
				MARKETING_VERSION = 1.0;
				MTL_ENABLE_DEBUG_INFO = INCLUDE_SOURCE;
				MTL_FAST_MATH = YES;
				ONLY_ACTIVE_ARCH = YES;
				PRODUCT_NAME = "$(TARGET_NAME)";
				SDKROOT = iphoneos;
				SWIFT_ACTIVE_COMPILATION_CONDITIONS = DEBUG;
				SWIFT_OPTIMIZATION_LEVEL = "-Onone";
				SWIFT_VERSION = 6.0;
				VERSIONING_SYSTEM = "apple-generic";
			};
			name = Debug;
		};
		47D342689D999E2642B816B8 /* Debug */ = {
			isa = XCBuildConfiguration;
			buildSettings = {
				ASSETCATALOG_COMPILER_APPICON_NAME = AppIcon;
				CODE_SIGN_IDENTITY = "Apple Development";
				CODE_SIGN_STYLE = Automatic;
				DEVELOPMENT_TEAM = B5X96QDRF4;
				GENERATE_INFOPLIST_FILE = NO;
				INFOPLIST_FILE = LanguageTransfer/Info.plist;
				LD_RUNPATH_SEARCH_PATHS = (
					"$(inherited)",
					"@executable_path/Frameworks",
				);
				PRODUCT_BUNDLE_IDENTIFIER = com.grafton.languagetransfer.spanish;
				SDKROOT = iphoneos;
				TARGETED_DEVICE_FAMILY = "1,2";
			};
			name = Debug;
		};
/* End XCBuildConfiguration section */

/* Begin XCConfigurationList section */
		57A979DFEE24A60836416240 /* Build configuration list for PBXNativeTarget "LanguageTransfer" */ = {
			isa = XCConfigurationList;
			buildConfigurations = (
				47D342689D999E2642B816B8 /* Debug */,
				4345E817CCB743979BC35C6E /* Release */,
			);
			defaultConfigurationIsVisible = 0;
			defaultConfigurationName = Debug;
		};
		A320CCB497994E3C6AD20A21 /* Build configuration list for PBXProject "LanguageTransfer" */ = {
			isa = XCConfigurationList;
			buildConfigurations = (
				46677F62910C84DB930C5114 /* Debug */,
				2EBC866869C15C3DEB355E08 /* Release */,
			);
			defaultConfigurationIsVisible = 0;
			defaultConfigurationName = Debug;
		};
/* End XCConfigurationList section */

/* Begin XCRemoteSwiftPackageReference section */
		33347312486A97DD9E46A5BF /* XCRemoteSwiftPackageReference "firebase-ios-sdk" */ = {
			isa = XCRemoteSwiftPackageReference;
			repositoryURL = "https://github.com/firebase/firebase-ios-sdk";
			requirement = {
				kind = upToNextMajorVersion;
				minimumVersion = 11.0.0;
			};
		};
/* End XCRemoteSwiftPackageReference section */

/* Begin XCSwiftPackageProductDependency section */
		7B7A5A032A928DFFF897E8FE /* FirebaseCrashlytics */ = {
			isa = XCSwiftPackageProductDependency;
			package = 33347312486A97DD9E46A5BF /* XCRemoteSwiftPackageReference "firebase-ios-sdk" */;
			productName = FirebaseCrashlytics;
		};
		E2A0611746DE927888808E3D /* FirebaseAnalytics */ = {
			isa = XCSwiftPackageProductDependency;
			package = 33347312486A97DD9E46A5BF /* XCRemoteSwiftPackageReference "firebase-ios-sdk" */;
			productName = FirebaseAnalytics;
		};
/* End XCSwiftPackageProductDependency section */
	};
	rootObject = 9E1B5CBB238B46283829A296 /* Project object */;
}
